
Microsoft Visual Studio Solution File, Format Version 12.00
# Visual Studio Version 16
VisualStudioVersion = 16.0.32929.386
MinimumVisualStudioVersion = 10.0.40219.1
Project("{FAE04EC0-301F-11D3-BF4B-00C04F79EFBC}") = "PsychoTestApp.Android", "PsychoTestApp\PsychoTestApp.Android\PsychoTestApp.Android.csproj", "{B174B657-F5FE-4FCB-BF0F-B9F1DF4039FA}"
EndProject
Project("{FAE04EC0-301F-11D3-BF4B-00C04F79EFBC}") = "PsychoTestApp", "PsychoTestApp\PsychoTestApp\PsychoTestApp.csproj", "{112ED58B-27F4-4F4D-9119-F74D49EFED29}"
EndProject
Global
	GlobalSection(SolutionConfigurationPlatforms) = preSolution
		Debug|Any CPU = Debug|Any CPU
		Release|Any CPU = Release|Any CPU
	EndGlobalSection
	GlobalSection(ProjectConfigurationPlatforms) = postSolution
		{B174B657-F5FE-4FCB-BF0F-B9F1DF4039FA}.Debug|Any CPU.ActiveCfg = Debug|Any CPU
		{B174B657-F5FE-4FCB-BF0F-B9F1DF4039FA}.Debug|Any CPU.Build.0 = Debug|Any CPU
		{B174B657-F5FE-4FCB-BF0F-B9F1DF4039FA}.Debug|Any CPU.Deploy.0 = Debug|Any CPU
		{B174B657-F5FE-4FCB-BF0F-B9F1DF4039FA}.Release|Any CPU.ActiveCfg = Release|Any CPU
		{B174B657-F5FE-4FCB-BF0F-B9F1DF4039FA}.Release|Any CPU.Build.0 = Release|Any CPU
		{B174B657-F5FE-4FCB-BF0F-B9F1DF4039FA}.Release|Any CPU.Deploy.0 = Release|Any CPU
		{112ED58B-27F4-4F4D-9119-F74D49EFED29}.Debug|Any CPU.ActiveCfg = Debug|Any CPU
		{112ED58B-27F4-4F4D-9119-F74D49EFED29}.Debug|Any CPU.Build.0 = Debug|Any CPU
		{112ED58B-27F4-4F4D-9119-F74D49EFED29}.Debug|Any CPU.Deploy.0 = Debug|Any CPU
		{112ED58B-27F4-4F4D-9119-F74D49EFED29}.Release|Any CPU.ActiveCfg = Release|Any CPU
		{112ED58B-27F4-4F4D-9119-F74D49EFED29}.Release|Any CPU.Build.0 = Release|Any CPU
		{112ED58B-27F4-4F4D-9119-F74D49EFED29}.Release|Any CPU.Deploy.0 = Release|Any CPU
	EndGlobalSection
	GlobalSection(SolutionProperties) = preSolution
		HideSolutionNode = FALSE
	EndGlobalSection
	GlobalSection(ExtensibilityGlobals) = postSolution
		SolutionGuid = {079BAAD5-815A-484B-98B3-6E4CDC3FF2A0}
	EndGlobalSection
EndGlobal
